// !$*UTF8*$!
{
	archiveVersion = 1;
	classes = {
	};
	objectVersion = 50;
	objects = {

/* Begin PBXBuildFile section */
		79802BB1041CB5A13106615B /* Pods_TravelGoals.framework in Frameworks */ = {isa = PBXBuildFile; fileRef = 8BAB7FD6CB4519C4A877F201 /* Pods_TravelGoals.framework */; };
		821DFE6A229833950092CF7B /* AppDelegate.swift in Sources */ = {isa = PBXBuildFile; fileRef = 821DFE69229833950092CF7B /* AppDelegate.swift */; };
		821DFE6C229833950092CF7B /* FirstViewController.swift in Sources */ = {isa = PBXBuildFile; fileRef = 821DFE6B229833950092CF7B /* FirstViewController.swift */; };
		821DFE6E229833950092CF7B /* SecondViewController.swift in Sources */ = {isa = PBXBuildFile; fileRef = 821DFE6D229833950092CF7B /* SecondViewController.swift */; };
		821DFE71229833950092CF7B /* Main.storyboard in Resources */ = {isa = PBXBuildFile; fileRef = 821DFE6F229833950092CF7B /* Main.storyboard */; };
		821DFE73229833960092CF7B /* Assets.xcassets in Resources */ = {isa = PBXBuildFile; fileRef = 821DFE72229833960092CF7B /* Assets.xcassets */; };
		821DFE76229833960092CF7B /* LaunchScreen.storyboard in Resources */ = {isa = PBXBuildFile; fileRef = 821DFE74229833960092CF7B /* LaunchScreen.storyboard */; };
		821DFE81229833960092CF7B /* TravelGoalsTests.swift in Sources */ = {isa = PBXBuildFile; fileRef = 821DFE80229833960092CF7B /* TravelGoalsTests.swift */; };
		821DFE8C229833960092CF7B /* TravelGoalsUITests.swift in Sources */ = {isa = PBXBuildFile; fileRef = 821DFE8B229833960092CF7B /* TravelGoalsUITests.swift */; };
		821DFE9A2298D3380092CF7B /* ViewControllerAddTrip.swift in Sources */ = {isa = PBXBuildFile; fileRef = 821DFE992298D3380092CF7B /* ViewControllerAddTrip.swift */; };
		82A022A522991C2F007A5F72 /* trips.json in Resources */ = {isa = PBXBuildFile; fileRef = 82A022A422991C2F007A5F72 /* trips.json */; };
		82A022A722991EB3007A5F72 /* DataModel.swift in Sources */ = {isa = PBXBuildFile; fileRef = 82A022A622991EB3007A5F72 /* DataModel.swift */; };
		82A022A922999D3A007A5F72 /* ViewControllerTripDetails.swift in Sources */ = {isa = PBXBuildFile; fileRef = 82A022A822999D3A007A5F72 /* ViewControllerTripDetails.swift */; };
		82A022AB229A3438007A5F72 /* countries.json in Resources */ = {isa = PBXBuildFile; fileRef = 82A022AA229A3438007A5F72 /* countries.json */; };
		82A022AD229A361A007A5F72 /* DataModelCountries.swift in Sources */ = {isa = PBXBuildFile; fileRef = 82A022AC229A361A007A5F72 /* DataModelCountries.swift */; };
		9E41A3F24F46CEF1441D8726 /* Pods_TravelGoalsTests.framework in Frameworks */ = {isa = PBXBuildFile; fileRef = 07D92E9C01D0DBEDC210F46E /* Pods_TravelGoalsTests.framework */; };
		EAE37D4EE774C33F732AC13E /* Pods_TravelGoalsUITests.framework in Frameworks */ = {isa = PBXBuildFile; fileRef = 9C6CA394B834047553ED2FE6 /* Pods_TravelGoalsUITests.framework */; };
/* End PBXBuildFile section */

/* Begin PBXContainerItemProxy section */
		821DFE7D229833960092CF7B /* PBXContainerItemProxy */ = {
			isa = PBXContainerItemProxy;
			containerPortal = 821DFE5E229833950092CF7B /* Project object */;
			proxyType = 1;
			remoteGlobalIDString = 821DFE65229833950092CF7B;
			remoteInfo = TravelGoals;
		};
		821DFE88229833960092CF7B /* PBXContainerItemProxy */ = {
			isa = PBXContainerItemProxy;
			containerPortal = 821DFE5E229833950092CF7B /* Project object */;
			proxyType = 1;
			remoteGlobalIDString = 821DFE65229833950092CF7B;
			remoteInfo = TravelGoals;
		};
/* End PBXContainerItemProxy section */

/* Begin PBXFileReference section */
		07D92E9C01D0DBEDC210F46E /* Pods_TravelGoalsTests.framework */ = {isa = PBXFileReference; explicitFileType = wrapper.framework; includeInIndex = 0; path = Pods_TravelGoalsTests.framework; sourceTree = BUILT_PRODUCTS_DIR; };
		0D22DFC78F5856E44448BF43 /* Pods-TravelGoals.debug.xcconfig */ = {isa = PBXFileReference; includeInIndex = 1; lastKnownFileType = text.xcconfig; name = "Pods-TravelGoals.debug.xcconfig"; path = "Target Support Files/Pods-TravelGoals/Pods-TravelGoals.debug.xcconfig"; sourceTree = "<group>"; };
		1A34071D14D91B003297C64A /* Pods-TravelGoalsTests.release.xcconfig */ = {isa = PBXFileReference; includeInIndex = 1; lastKnownFileType = text.xcconfig; name = "Pods-TravelGoalsTests.release.xcconfig"; path = "Target Support Files/Pods-TravelGoalsTests/Pods-TravelGoalsTests.release.xcconfig"; sourceTree = "<group>"; };
		2B91555214739C3E98BDDAFF /* Pods-TravelGoalsUITests.debug.xcconfig */ = {isa = PBXFileReference; includeInIndex = 1; lastKnownFileType = text.xcconfig; name = "Pods-TravelGoalsUITests.debug.xcconfig"; path = "Target Support Files/Pods-TravelGoalsUITests/Pods-TravelGoalsUITests.debug.xcconfig"; sourceTree = "<group>"; };
		821DFE66229833950092CF7B /* TravelGoals.app */ = {isa = PBXFileReference; explicitFileType = wrapper.application; includeInIndex = 0; path = TravelGoals.app; sourceTree = BUILT_PRODUCTS_DIR; };
		821DFE69229833950092CF7B /* AppDelegate.swift */ = {isa = PBXFileReference; lastKnownFileType = sourcecode.swift; path = AppDelegate.swift; sourceTree = "<group>"; };
		821DFE6B229833950092CF7B /* FirstViewController.swift */ = {isa = PBXFileReference; lastKnownFileType = sourcecode.swift; path = FirstViewController.swift; sourceTree = "<group>"; };
		821DFE6D229833950092CF7B /* SecondViewController.swift */ = {isa = PBXFileReference; lastKnownFileType = sourcecode.swift; path = SecondViewController.swift; sourceTree = "<group>"; };
		821DFE70229833950092CF7B /* Base */ = {isa = PBXFileReference; lastKnownFileType = file.storyboard; name = Base; path = Base.lproj/Main.storyboard; sourceTree = "<group>"; };
		821DFE72229833960092CF7B /* Assets.xcassets */ = {isa = PBXFileReference; lastKnownFileType = folder.assetcatalog; path = Assets.xcassets; sourceTree = "<group>"; };
		821DFE75229833960092CF7B /* Base */ = {isa = PBXFileReference; lastKnownFileType = file.storyboard; name = Base; path = Base.lproj/LaunchScreen.storyboard; sourceTree = "<group>"; };
		821DFE77229833960092CF7B /* Info.plist */ = {isa = PBXFileReference; lastKnownFileType = text.plist.xml; path = Info.plist; sourceTree = "<group>"; };
		821DFE7C229833960092CF7B /* TravelGoalsTests.xctest */ = {isa = PBXFileReference; explicitFileType = wrapper.cfbundle; includeInIndex = 0; path = TravelGoalsTests.xctest; sourceTree = BUILT_PRODUCTS_DIR; };
		821DFE80229833960092CF7B /* TravelGoalsTests.swift */ = {isa = PBXFileReference; lastKnownFileType = sourcecode.swift; path = TravelGoalsTests.swift; sourceTree = "<group>"; };
		821DFE82229833960092CF7B /* Info.plist */ = {isa = PBXFileReference; lastKnownFileType = text.plist.xml; path = Info.plist; sourceTree = "<group>"; };
		821DFE87229833960092CF7B /* TravelGoalsUITests.xctest */ = {isa = PBXFileReference; explicitFileType = wrapper.cfbundle; includeInIndex = 0; path = TravelGoalsUITests.xctest; sourceTree = BUILT_PRODUCTS_DIR; };
		821DFE8B229833960092CF7B /* TravelGoalsUITests.swift */ = {isa = PBXFileReference; lastKnownFileType = sourcecode.swift; path = TravelGoalsUITests.swift; sourceTree = "<group>"; };
		821DFE8D229833960092CF7B /* Info.plist */ = {isa = PBXFileReference; lastKnownFileType = text.plist.xml; path = Info.plist; sourceTree = "<group>"; };
		821DFE992298D3380092CF7B /* ViewControllerAddTrip.swift */ = {isa = PBXFileReference; lastKnownFileType = sourcecode.swift; path = ViewControllerAddTrip.swift; sourceTree = "<group>"; };
		82A022A422991C2F007A5F72 /* trips.json */ = {isa = PBXFileReference; lastKnownFileType = text.json; path = trips.json; sourceTree = "<group>"; };
		82A022A622991EB3007A5F72 /* DataModel.swift */ = {isa = PBXFileReference; lastKnownFileType = sourcecode.swift; path = DataModel.swift; sourceTree = "<group>"; };
		82A022A822999D3A007A5F72 /* ViewControllerTripDetails.swift */ = {isa = PBXFileReference; lastKnownFileType = sourcecode.swift; path = ViewControllerTripDetails.swift; sourceTree = "<group>"; };
		82A022AA229A3438007A5F72 /* countries.json */ = {isa = PBXFileReference; lastKnownFileType = text.json; path = countries.json; sourceTree = "<group>"; };
		82A022AC229A361A007A5F72 /* DataModelCountries.swift */ = {isa = PBXFileReference; lastKnownFileType = sourcecode.swift; path = DataModelCountries.swift; sourceTree = "<group>"; };
		8BAB7FD6CB4519C4A877F201 /* Pods_TravelGoals.framework */ = {isa = PBXFileReference; explicitFileType = wrapper.framework; includeInIndex = 0; path = Pods_TravelGoals.framework; sourceTree = BUILT_PRODUCTS_DIR; };
		903CC74F507038C532E70282 /* Pods-TravelGoalsUITests.release.xcconfig */ = {isa = PBXFileReference; includeInIndex = 1; lastKnownFileType = text.xcconfig; name = "Pods-TravelGoalsUITests.release.xcconfig"; path = "Target Support Files/Pods-TravelGoalsUITests/Pods-TravelGoalsUITests.release.xcconfig"; sourceTree = "<group>"; };
		9C6CA394B834047553ED2FE6 /* Pods_TravelGoalsUITests.framework */ = {isa = PBXFileReference; explicitFileType = wrapper.framework; includeInIndex = 0; path = Pods_TravelGoalsUITests.framework; sourceTree = BUILT_PRODUCTS_DIR; };
		C456924138C43ACF32DD02C6 /* Pods-TravelGoalsTests.debug.xcconfig */ = {isa = PBXFileReference; includeInIndex = 1; lastKnownFileType = text.xcconfig; name = "Pods-TravelGoalsTests.debug.xcconfig"; path = "Target Support Files/Pods-TravelGoalsTests/Pods-TravelGoalsTests.debug.xcconfig"; sourceTree = "<group>"; };
		F5E8DC76110DF25B8F0D5B99 /* Pods-TravelGoals.release.xcconfig */ = {isa = PBXFileReference; includeInIndex = 1; lastKnownFileType = text.xcconfig; name = "Pods-TravelGoals.release.xcconfig"; path = "Target Support Files/Pods-TravelGoals/Pods-TravelGoals.release.xcconfig"; sourceTree = "<group>"; };
/* End PBXFileReference section */

/* Begin PBXFrameworksBuildPhase section */
		821DFE63229833950092CF7B /* Frameworks */ = {
			isa = PBXFrameworksBuildPhase;
			buildActionMask = 2147483647;
			files = (
				79802BB1041CB5A13106615B /* Pods_TravelGoals.framework in Frameworks */,
			);
			runOnlyForDeploymentPostprocessing = 0;
		};
		821DFE79229833960092CF7B /* Frameworks */ = {
			isa = PBXFrameworksBuildPhase;
			buildActionMask = 2147483647;
			files = (
				9E41A3F24F46CEF1441D8726 /* Pods_TravelGoalsTests.framework in Frameworks */,
			);
			runOnlyForDeploymentPostprocessing = 0;
		};
		821DFE84229833960092CF7B /* Frameworks */ = {
			isa = PBXFrameworksBuildPhase;
			buildActionMask = 2147483647;
			files = (
				EAE37D4EE774C33F732AC13E /* Pods_TravelGoalsUITests.framework in Frameworks */,
			);
			runOnlyForDeploymentPostprocessing = 0;
		};
/* End PBXFrameworksBuildPhase section */

/* Begin PBXGroup section */
		5DDFE13D199F6D1011875584 /* Frameworks */ = {
			isa = PBXGroup;
			children = (
				8BAB7FD6CB4519C4A877F201 /* Pods_TravelGoals.framework */,
				07D92E9C01D0DBEDC210F46E /* Pods_TravelGoalsTests.framework */,
				9C6CA394B834047553ED2FE6 /* Pods_TravelGoalsUITests.framework */,
			);
			name = Frameworks;
			sourceTree = "<group>";
		};
		821DFE5D229833950092CF7B = {
			isa = PBXGroup;
			children = (
				82A022A322991BFE007A5F72 /* DataFiles */,
				821DFE68229833950092CF7B /* TravelGoals */,
				821DFE7F229833960092CF7B /* TravelGoalsTests */,
				821DFE8A229833960092CF7B /* TravelGoalsUITests */,
				821DFE67229833950092CF7B /* Products */,
				5DDFE13D199F6D1011875584 /* Frameworks */,
				85699CB8A4EDD3473C9BAF89 /* Pods */,
			);
			sourceTree = "<group>";
		};
		821DFE67229833950092CF7B /* Products */ = {
			isa = PBXGroup;
			children = (
				821DFE66229833950092CF7B /* TravelGoals.app */,
				821DFE7C229833960092CF7B /* TravelGoalsTests.xctest */,
				821DFE87229833960092CF7B /* TravelGoalsUITests.xctest */,
			);
			name = Products;
			sourceTree = "<group>";
		};
		821DFE68229833950092CF7B /* TravelGoals */ = {
			isa = PBXGroup;
			children = (
				821DFE69229833950092CF7B /* AppDelegate.swift */,
				821DFE6B229833950092CF7B /* FirstViewController.swift */,
				821DFE6D229833950092CF7B /* SecondViewController.swift */,
				821DFE6F229833950092CF7B /* Main.storyboard */,
				821DFE72229833960092CF7B /* Assets.xcassets */,
				821DFE74229833960092CF7B /* LaunchScreen.storyboard */,
				821DFE77229833960092CF7B /* Info.plist */,
				821DFE992298D3380092CF7B /* ViewControllerAddTrip.swift */,
				82A022A622991EB3007A5F72 /* DataModel.swift */,
				82A022A822999D3A007A5F72 /* ViewControllerTripDetails.swift */,
				82A022AC229A361A007A5F72 /* DataModelCountries.swift */,
			);
			path = TravelGoals;
			sourceTree = "<group>";
		};
		821DFE7F229833960092CF7B /* TravelGoalsTests */ = {
			isa = PBXGroup;
			children = (
				821DFE80229833960092CF7B /* TravelGoalsTests.swift */,
				821DFE82229833960092CF7B /* Info.plist */,
			);
			path = TravelGoalsTests;
			sourceTree = "<group>";
		};
		821DFE8A229833960092CF7B /* TravelGoalsUITests */ = {
			isa = PBXGroup;
			children = (
				821DFE8B229833960092CF7B /* TravelGoalsUITests.swift */,
				821DFE8D229833960092CF7B /* Info.plist */,
			);
			path = TravelGoalsUITests;
			sourceTree = "<group>";
		};
		82A022A322991BFE007A5F72 /* DataFiles */ = {
			isa = PBXGroup;
			children = (
				82A022A422991C2F007A5F72 /* trips.json */,
				82A022AA229A3438007A5F72 /* countries.json */,
			);
			path = DataFiles;
			sourceTree = "<group>";
		};
		85699CB8A4EDD3473C9BAF89 /* Pods */ = {
			isa = PBXGroup;
			children = (
				0D22DFC78F5856E44448BF43 /* Pods-TravelGoals.debug.xcconfig */,
				F5E8DC76110DF25B8F0D5B99 /* Pods-TravelGoals.release.xcconfig */,
				C456924138C43ACF32DD02C6 /* Pods-TravelGoalsTests.debug.xcconfig */,
				1A34071D14D91B003297C64A /* Pods-TravelGoalsTests.release.xcconfig */,
				2B91555214739C3E98BDDAFF /* Pods-TravelGoalsUITests.debug.xcconfig */,
				903CC74F507038C532E70282 /* Pods-TravelGoalsUITests.release.xcconfig */,
			);
			path = Pods;
			sourceTree = "<group>";
		};
/* End PBXGroup section */

/* Begin PBXNativeTarget section */
		821DFE65229833950092CF7B /* TravelGoals */ = {
			isa = PBXNativeTarget;
			buildConfigurationList = 821DFE90229833960092CF7B /* Build configuration list for PBXNativeTarget "TravelGoals" */;
			buildPhases = (
				184C50041FE0B4C1F0872B52 /* [CP] Check Pods Manifest.lock */,
				821DFE62229833950092CF7B /* Sources */,
				821DFE63229833950092CF7B /* Frameworks */,
				821DFE64229833950092CF7B /* Resources */,
				8B11759427D6533B94D7B551 /* [CP] Embed Pods Frameworks */,
			);
			buildRules = (
			);
			dependencies = (
			);
			name = TravelGoals;
			productName = TravelGoals;
			productReference = 821DFE66229833950092CF7B /* TravelGoals.app */;
			productType = "com.apple.product-type.application";
		};
		821DFE7B229833960092CF7B /* TravelGoalsTests */ = {
			isa = PBXNativeTarget;
			buildConfigurationList = 821DFE93229833960092CF7B /* Build configuration list for PBXNativeTarget "TravelGoalsTests" */;
			buildPhases = (
				05770346D3FEFA0625D4BC13 /* [CP] Check Pods Manifest.lock */,
				821DFE78229833960092CF7B /* Sources */,
				821DFE79229833960092CF7B /* Frameworks */,
				821DFE7A229833960092CF7B /* Resources */,
			);
			buildRules = (
			);
			dependencies = (
				821DFE7E229833960092CF7B /* PBXTargetDependency */,
			);
			name = TravelGoalsTests;
			productName = TravelGoalsTests;
			productReference = 821DFE7C229833960092CF7B /* TravelGoalsTests.xctest */;
			productType = "com.apple.product-type.bundle.unit-test";
		};
		821DFE86229833960092CF7B /* TravelGoalsUITests */ = {
			isa = PBXNativeTarget;
			buildConfigurationList = 821DFE96229833960092CF7B /* Build configuration list for PBXNativeTarget "TravelGoalsUITests" */;
			buildPhases = (
				9A4651157946AC74C068C03F /* [CP] Check Pods Manifest.lock */,
				821DFE83229833960092CF7B /* Sources */,
				821DFE84229833960092CF7B /* Frameworks */,
				821DFE85229833960092CF7B /* Resources */,
			);
			buildRules = (
			);
			dependencies = (
				821DFE89229833960092CF7B /* PBXTargetDependency */,
			);
			name = TravelGoalsUITests;
			productName = TravelGoalsUITests;
			productReference = 821DFE87229833960092CF7B /* TravelGoalsUITests.xctest */;
			productType = "com.apple.product-type.bundle.ui-testing";
		};
/* End PBXNativeTarget section */

/* Begin PBXProject section */
		821DFE5E229833950092CF7B /* Project object */ = {
			isa = PBXProject;
			attributes = {
				LastSwiftUpdateCheck = 0940;
				LastUpgradeCheck = 0940;
				ORGANIZATIONNAME = "Manoj Bandara";
				TargetAttributes = {
					821DFE65229833950092CF7B = {
						CreatedOnToolsVersion = 9.4.1;
					};
					821DFE7B229833960092CF7B = {
						CreatedOnToolsVersion = 9.4.1;
						TestTargetID = 821DFE65229833950092CF7B;
					};
					821DFE86229833960092CF7B = {
						CreatedOnToolsVersion = 9.4.1;
						TestTargetID = 821DFE65229833950092CF7B;
					};
				};
			};
			buildConfigurationList = 821DFE61229833950092CF7B /* Build configuration list for PBXProject "TravelGoals" */;
			compatibilityVersion = "Xcode 9.3";
			developmentRegion = en;
			hasScannedForEncodings = 0;
			knownRegions = (
				en,
				Base,
			);
			mainGroup = 821DFE5D229833950092CF7B;
			productRefGroup = 821DFE67229833950092CF7B /* Products */;
			projectDirPath = "";
			projectRoot = "";
			targets = (
				821DFE65229833950092CF7B /* TravelGoals */,
				821DFE7B229833960092CF7B /* TravelGoalsTests */,
				821DFE86229833960092CF7B /* TravelGoalsUITests */,
			);
		};
/* End PBXProject section */

/* Begin PBXResourcesBuildPhase section */
		821DFE64229833950092CF7B /* Resources */ = {
			isa = PBXResourcesBuildPhase;
			buildActionMask = 2147483647;
			files = (
				82A022A522991C2F007A5F72 /* trips.json in Resources */,
				821DFE76229833960092CF7B /* LaunchScreen.storyboard in Resources */,
				821DFE73229833960092CF7B /* Assets.xcassets in Resources */,
				82A022AB229A3438007A5F72 /* countries.json in Resources */,
				821DFE71229833950092CF7B /* Main.storyboard in Resources */,
			);
			runOnlyForDeploymentPostprocessing = 0;
		};
		821DFE7A229833960092CF7B /* Resources */ = {
			isa = PBXResourcesBuildPhase;
			buildActionMask = 2147483647;
			files = (
			);
			runOnlyForDeploymentPostprocessing = 0;
		};
		821DFE85229833960092CF7B /* Resources */ = {
			isa = PBXResourcesBuildPhase;
			buildActionMask = 2147483647;
			files = (
			);
			runOnlyForDeploymentPostprocessing = 0;
		};
/* End PBXResourcesBuildPhase section */

/* Begin PBXShellScriptBuildPhase section */
		05770346D3FEFA0625D4BC13 /* [CP] Check Pods Manifest.lock */ = {
			isa = PBXShellScriptBuildPhase;
			buildActionMask = 2147483647;
			files = (
			);
			inputPaths = (
				"${PODS_PODFILE_DIR_PATH}/Podfile.lock",
				"${PODS_ROOT}/Manifest.lock",
			);
			name = "[CP] Check Pods Manifest.lock";
			outputPaths = (
				"$(DERIVED_FILE_DIR)/Pods-TravelGoalsTests-checkManifestLockResult.txt",
			);
			runOnlyForDeploymentPostprocessing = 0;
			shellPath = /bin/sh;
			shellScript = "diff \"${PODS_PODFILE_DIR_PATH}/Podfile.lock\" \"${PODS_ROOT}/Manifest.lock\" > /dev/null\nif [ $? != 0 ] ; then\n    # print error to STDERR\n    echo \"error: The sandbox is not in sync with the Podfile.lock. Run 'pod install' or update your CocoaPods installation.\" >&2\n    exit 1\nfi\n# This output is used by Xcode 'outputs' to avoid re-running this script phase.\necho \"SUCCESS\" > \"${SCRIPT_OUTPUT_FILE_0}\"\n";
			showEnvVarsInLog = 0;
		};
		184C50041FE0B4C1F0872B52 /* [CP] Check Pods Manifest.lock */ = {
			isa = PBXShellScriptBuildPhase;
			buildActionMask = 2147483647;
			files = (
			);
			inputPaths = (
				"${PODS_PODFILE_DIR_PATH}/Podfile.lock",
				"${PODS_ROOT}/Manifest.lock",
			);
			name = "[CP] Check Pods Manifest.lock";
			outputPaths = (
				"$(DERIVED_FILE_DIR)/Pods-TravelGoals-checkManifestLockResult.txt",
			);
			runOnlyForDeploymentPostprocessing = 0;
			shellPath = /bin/sh;
			shellScript = "diff \"${PODS_PODFILE_DIR_PATH}/Podfile.lock\" \"${PODS_ROOT}/Manifest.lock\" > /dev/null\nif [ $? != 0 ] ; then\n    # print error to STDERR\n    echo \"error: The sandbox is not in sync with the Podfile.lock. Run 'pod install' or update your CocoaPods installation.\" >&2\n    exit 1\nfi\n# This output is used by Xcode 'outputs' to avoid re-running this script phase.\necho \"SUCCESS\" > \"${SCRIPT_OUTPUT_FILE_0}\"\n";
			showEnvVarsInLog = 0;
		};
		8B11759427D6533B94D7B551 /* [CP] Embed Pods Frameworks */ = {
			isa = PBXShellScriptBuildPhase;
			buildActionMask = 2147483647;
			files = (
			);
			name = "[CP] Embed Pods Frameworks";
			runOnlyForDeploymentPostprocessing = 0;
			shellPath = /bin/sh;
			shellScript = "\"${PODS_ROOT}/Target Support Files/Pods-TravelGoals/Pods-TravelGoals-frameworks.sh\"\n";
			showEnvVarsInLog = 0;
		};
		9A4651157946AC74C068C03F /* [CP] Check Pods Manifest.lock */ = {
			isa = PBXShellScriptBuildPhase;
			buildActionMask = 2147483647;
			files = (
			);
			inputPaths = (
				"${PODS_PODFILE_DIR_PATH}/Podfile.lock",
				"${PODS_ROOT}/Manifest.lock",
			);
			name = "[CP] Check Pods Manifest.lock";
			outputPaths = (
				"$(DERIVED_FILE_DIR)/Pods-TravelGoalsUITests-checkManifestLockResult.txt",
			);
			runOnlyForDeploymentPostprocessing = 0;
			shellPath = /bin/sh;
			shellScript = "diff \"${PODS_PODFILE_DIR_PATH}/Podfile.lock\" \"${PODS_ROOT}/Manifest.lock\" > /dev/null\nif [ $? != 0 ] ; then\n    # print error to STDERR\n    echo \"error: The sandbox is not in sync with the Podfile.lock. Run 'pod install' or update your CocoaPods installation.\" >&2\n    exit 1\nfi\n# This output is used by Xcode 'outputs' to avoid re-running this script phase.\necho \"SUCCESS\" > \"${SCRIPT_OUTPUT_FILE_0}\"\n";
			showEnvVarsInLog = 0;
		};
/* End PBXShellScriptBuildPhase section */

/* Begin PBXSourcesBuildPhase section */
		821DFE62229833950092CF7B /* Sources */ = {
			isa = PBXSourcesBuildPhase;
			buildActionMask = 2147483647;
			files = (
				82A022A722991EB3007A5F72 /* DataModel.swift in Sources */,
				821DFE6E229833950092CF7B /* SecondViewController.swift in Sources */,
				82A022A922999D3A007A5F72 /* ViewControllerTripDetails.swift in Sources */,
				821DFE9A2298D3380092CF7B /* ViewControllerAddTrip.swift in Sources */,
				82A022AD229A361A007A5F72 /* DataModelCountries.swift in Sources */,
				821DFE6A229833950092CF7B /* AppDelegate.swift in Sources */,
				821DFE6C229833950092CF7B /* FirstViewController.swift in Sources */,
			);
			runOnlyForDeploymentPostprocessing = 0;
		};
		821DFE78229833960092CF7B /* Sources */ = {
			isa = PBXSourcesBuildPhase;
			buildActionMask = 2147483647;
			files = (
				821DFE81229833960092CF7B /* TravelGoalsTests.swift in Sources */,
			);
			runOnlyForDeploymentPostprocessing = 0;
		};
		821DFE83229833960092CF7B /* Sources */ = {
			isa = PBXSourcesBuildPhase;
			buildActionMask = 2147483647;
			files = (
				821DFE8C229833960092CF7B /* TravelGoalsUITests.swift in Sources */,
			);
			runOnlyForDeploymentPostprocessing = 0;
		};
/* End PBXSourcesBuildPhase section */

/* Begin PBXTargetDependency section */
		821DFE7E229833960092CF7B /* PBXTargetDependency */ = {
			isa = PBXTargetDependency;
			target = 821DFE65229833950092CF7B /* TravelGoals */;
			targetProxy = 821DFE7D229833960092CF7B /* PBXContainerItemProxy */;
		};
		821DFE89229833960092CF7B /* PBXTargetDependency */ = {
			isa = PBXTargetDependency;
			target = 821DFE65229833950092CF7B /* TravelGoals */;
			targetProxy = 821DFE88229833960092CF7B /* PBXContainerItemProxy */;
		};
/* End PBXTargetDependency section */

/* Begin PBXVariantGroup section */
		821DFE6F229833950092CF7B /* Main.storyboard */ = {
			isa = PBXVariantGroup;
			children = (
				821DFE70229833950092CF7B /* Base */,
			);
			name = Main.storyboard;
			sourceTree = "<group>";
		};
		821DFE74229833960092CF7B /* LaunchScreen.storyboard */ = {
			isa = PBXVariantGroup;
			children = (
				821DFE75229833960092CF7B /* Base */,
			);
			name = LaunchScreen.storyboard;
			sourceTree = "<group>";
		};
/* End PBXVariantGroup section */

/* Begin XCBuildConfiguration section */
		821DFE8E229833960092CF7B /* Debug */ = {
			isa = XCBuildConfiguration;
			buildSettings = {
				ALWAYS_SEARCH_USER_PATHS = NO;
				CLANG_ANALYZER_NONNULL = YES;
				CLANG_ANALYZER_NUMBER_OBJECT_CONVERSION = YES_AGGRESSIVE;
				CLANG_CXX_LANGUAGE_STANDARD = "gnu++14";
				CLANG_CXX_LIBRARY = "libc++";
				CLANG_ENABLE_MODULES = YES;
				CLANG_ENABLE_OBJC_ARC = YES;
				CLANG_ENABLE_OBJC_WEAK = YES;
				CLANG_WARN_BLOCK_CAPTURE_AUTORELEASING = YES;
				CLANG_WARN_BOOL_CONVERSION = YES;
				CLANG_WARN_COMMA = YES;
				CLANG_WARN_CONSTANT_CONVERSION = YES;
				CLANG_WARN_DEPRECATED_OBJC_IMPLEMENTATIONS = YES;
				CLANG_WARN_DIRECT_OBJC_ISA_USAGE = YES_ERROR;
				CLANG_WARN_DOCUMENTATION_COMMENTS = YES;
				CLANG_WARN_EMPTY_BODY = YES;
				CLANG_WARN_ENUM_CONVERSION = YES;
				CLANG_WARN_INFINITE_RECURSION = YES;
				CLANG_WARN_INT_CONVERSION = YES;
				CLANG_WARN_NON_LITERAL_NULL_CONVERSION = YES;
				CLANG_WARN_OBJC_IMPLICIT_RETAIN_SELF = YES;
				CLANG_WARN_OBJC_LITERAL_CONVERSION = YES;
				CLANG_WARN_OBJC_ROOT_CLASS = YES_ERROR;
				CLANG_WARN_RANGE_LOOP_ANALYSIS = YES;
				CLANG_WARN_STRICT_PROTOTYPES = YES;
				CLANG_WARN_SUSPICIOUS_MOVE = YES;
				CLANG_WARN_UNGUARDED_AVAILABILITY = YES_AGGRESSIVE;
				CLANG_WARN_UNREACHABLE_CODE = YES;
				CLANG_WARN__DUPLICATE_METHOD_MATCH = YES;
				CODE_SIGN_IDENTITY = "iPhone Developer";
				COPY_PHASE_STRIP = NO;
				DEBUG_INFORMATION_FORMAT = dwarf;
				ENABLE_STRICT_OBJC_MSGSEND = YES;
				ENABLE_TESTABILITY = YES;
				GCC_C_LANGUAGE_STANDARD = gnu11;
				GCC_DYNAMIC_NO_PIC = NO;
				GCC_NO_COMMON_BLOCKS = YES;
				GCC_OPTIMIZATION_LEVEL = 0;
				GCC_PREPROCESSOR_DEFINITIONS = (
					"DEBUG=1",
					"$(inherited)",
				);
				GCC_WARN_64_TO_32_BIT_CONVERSION = YES;
				GCC_WARN_ABOUT_RETURN_TYPE = YES_ERROR;
				GCC_WARN_UNDECLARED_SELECTOR = YES;
				GCC_WARN_UNINITIALIZED_AUTOS = YES_AGGRESSIVE;
				GCC_WARN_UNUSED_FUNCTION = YES;
				GCC_WARN_UNUSED_VARIABLE = YES;
				IPHONEOS_DEPLOYMENT_TARGET = 11.4;
				MTL_ENABLE_DEBUG_INFO = YES;
				ONLY_ACTIVE_ARCH = YES;
				SDKROOT = iphoneos;
				SWIFT_ACTIVE_COMPILATION_CONDITIONS = DEBUG;
				SWIFT_OPTIMIZATION_LEVEL = "-Onone";
			};
			name = Debug;
		};
		821DFE8F229833960092CF7B /* Release */ = {
			isa = XCBuildConfiguration;
			buildSettings = {
				ALWAYS_SEARCH_USER_PATHS = NO;
				CLANG_ANALYZER_NONNULL = YES;
				CLANG_ANALYZER_NUMBER_OBJECT_CONVERSION = YES_AGGRESSIVE;
				CLANG_CXX_LANGUAGE_STANDARD = "gnu++14";
				CLANG_CXX_LIBRARY = "libc++";
				CLANG_ENABLE_MODULES = YES;
				CLANG_ENABLE_OBJC_ARC = YES;
				CLANG_ENABLE_OBJC_WEAK = YES;
				CLANG_WARN_BLOCK_CAPTURE_AUTORELEASING = YES;
				CLANG_WARN_BOOL_CONVERSION = YES;
				CLANG_WARN_COMMA = YES;
				CLANG_WARN_CONSTANT_CONVERSION = YES;
				CLANG_WARN_DEPRECATED_OBJC_IMPLEMENTATIONS = YES;
				CLANG_WARN_DIRECT_OBJC_ISA_USAGE = YES_ERROR;
				CLANG_WARN_DOCUMENTATION_COMMENTS = YES;
				CLANG_WARN_EMPTY_BODY = YES;
				CLANG_WARN_ENUM_CONVERSION = YES;
				CLANG_WARN_INFINITE_RECURSION = YES;
				CLANG_WARN_INT_CONVERSION = YES;
				CLANG_WARN_NON_LITERAL_NULL_CONVERSION = YES;
				CLANG_WARN_OBJC_IMPLICIT_RETAIN_SELF = YES;
				CLANG_WARN_OBJC_LITERAL_CONVERSION = YES;
				CLANG_WARN_OBJC_ROOT_CLASS = YES_ERROR;
				CLANG_WARN_RANGE_LOOP_ANALYSIS = YES;
				CLANG_WARN_STRICT_PROTOTYPES = YES;
				CLANG_WARN_SUSPICIOUS_MOVE = YES;
				CLANG_WARN_UNGUARDED_AVAILABILITY = YES_AGGRESSIVE;
				CLANG_WARN_UNREACHABLE_CODE = YES;
				CLANG_WARN__DUPLICATE_METHOD_MATCH = YES;
				CODE_SIGN_IDENTITY = "iPhone Developer";
				COPY_PHASE_STRIP = NO;
				DEBUG_INFORMATION_FORMAT = "dwarf-with-dsym";
				ENABLE_NS_ASSERTIONS = NO;
				ENABLE_STRICT_OBJC_MSGSEND = YES;
				GCC_C_LANGUAGE_STANDARD = gnu11;
				GCC_NO_COMMON_BLOCKS = YES;
				GCC_WARN_64_TO_32_BIT_CONVERSION = YES;
				GCC_WARN_ABOUT_RETURN_TYPE = YES_ERROR;
				GCC_WARN_UNDECLARED_SELECTOR = YES;
				GCC_WARN_UNINITIALIZED_AUTOS = YES_AGGRESSIVE;
				GCC_WARN_UNUSED_FUNCTION = YES;
				GCC_WARN_UNUSED_VARIABLE = YES;
				IPHONEOS_DEPLOYMENT_TARGET = 11.4;
				MTL_ENABLE_DEBUG_INFO = NO;
				SDKROOT = iphoneos;
				SWIFT_COMPILATION_MODE = wholemodule;
				SWIFT_OPTIMIZATION_LEVEL = "-O";
				VALIDATE_PRODUCT = YES;
			};
			name = Release;
		};
		821DFE91229833960092CF7B /* Debug */ = {
			isa = XCBuildConfiguration;
			baseConfigurationReference = 0D22DFC78F5856E44448BF43 /* Pods-TravelGoals.debug.xcconfig */;
			buildSettings = {
				ASSETCATALOG_COMPILER_APPICON_NAME = AppIcon;
				CODE_SIGN_STYLE = Automatic;
				INFOPLIST_FILE = TravelGoals/Info.plist;
				LD_RUNPATH_SEARCH_PATHS = (
					"$(inherited)",
					"@executable_path/Frameworks",
				);
				PRODUCT_BUNDLE_IDENTIFIER = Swinburne.TravelGoals;
				PRODUCT_NAME = "$(TARGET_NAME)";
				SWIFT_VERSION = 4.0;
				TARGETED_DEVICE_FAMILY = "1,2";
			};
			name = Debug;
		};
		821DFE92229833960092CF7B /* Release */ = {
			isa = XCBuildConfiguration;
			baseConfigurationReference = F5E8DC76110DF25B8F0D5B99 /* Pods-TravelGoals.release.xcconfig */;
			buildSettings = {
				ASSETCATALOG_COMPILER_APPICON_NAME = AppIcon;
				CODE_SIGN_STYLE = Automatic;
				INFOPLIST_FILE = TravelGoals/Info.plist;
				LD_RUNPATH_SEARCH_PATHS = (
					"$(inherited)",
					"@executable_path/Frameworks",
				);
				PRODUCT_BUNDLE_IDENTIFIER = Swinburne.TravelGoals;
				PRODUCT_NAME = "$(TARGET_NAME)";
				SWIFT_VERSION = 4.0;
				TARGETED_DEVICE_FAMILY = "1,2";
			};
			name = Release;
		};
		821DFE94229833960092CF7B /* Debug */ = {
			isa = XCBuildConfiguration;
			baseConfigurationReference = C456924138C43ACF32DD02C6 /* Pods-TravelGoalsTests.debug.xcconfig */;
			buildSettings = {
				ALWAYS_EMBED_SWIFT_STANDARD_LIBRARIES = YES;
				BUNDLE_LOADER = "$(TEST_HOST)";
				CODE_SIGN_STYLE = Automatic;
				INFOPLIST_FILE = TravelGoalsTests/Info.plist;
				LD_RUNPATH_SEARCH_PATHS = (
					"$(inherited)",
					"@executable_path/Frameworks",
					"@loader_path/Frameworks",
				);
				PRODUCT_BUNDLE_IDENTIFIER = Swinburne.TravelGoalsTests;
				PRODUCT_NAME = "$(TARGET_NAME)";
				SWIFT_VERSION = 4.0;
				TARGETED_DEVICE_FAMILY = "1,2";
				TEST_HOST = "$(BUILT_PRODUCTS_DIR)/TravelGoals.app/TravelGoals";
			};
			name = Debug;
		};
		821DFE95229833960092CF7B /* Release */ = {
			isa = XCBuildConfiguration;
			baseConfigurationReference = 1A34071D14D91B003297C64A /* Pods-TravelGoalsTests.release.xcconfig */;
			buildSettings = {
				ALWAYS_EMBED_SWIFT_STANDARD_LIBRARIES = YES;
				BUNDLE_LOADER = "$(TEST_HOST)";
				CODE_SIGN_STYLE = Automatic;
				INFOPLIST_FILE = TravelGoalsTests/Info.plist;
				LD_RUNPATH_SEARCH_PATHS = (
					"$(inherited)",
					"@executable_path/Frameworks",
					"@loader_path/Frameworks",
				);
				PRODUCT_BUNDLE_IDENTIFIER = Swinburne.TravelGoalsTests;
				PRODUCT_NAME = "$(TARGET_NAME)";
				SWIFT_VERSION = 4.0;
				TARGETED_DEVICE_FAMILY = "1,2";
				TEST_HOST = "$(BUILT_PRODUCTS_DIR)/TravelGoals.app/TravelGoals";
			};
			name = Release;
		};
		821DFE97229833960092CF7B /* Debug */ = {
			isa = XCBuildConfiguration;
			baseConfigurationReference = 2B91555214739C3E98BDDAFF /* Pods-TravelGoalsUITests.debug.xcconfig */;
			buildSettings = {
				ALWAYS_EMBED_SWIFT_STANDARD_LIBRARIES = YES;
				CODE_SIGN_STYLE = Automatic;
				INFOPLIST_FILE = TravelGoalsUITests/Info.plist;
				LD_RUNPATH_SEARCH_PATHS = (
					"$(inherited)",
					"@executable_path/Frameworks",
					"@loader_path/Frameworks",
				);
				PRODUCT_BUNDLE_IDENTIFIER = Swinburne.TravelGoalsUITests;
				PRODUCT_NAME = "$(TARGET_NAME)";
				SWIFT_VERSION = 4.0;
				TARGETED_DEVICE_FAMILY = "1,2";
				TEST_TARGET_NAME = TravelGoals;
			};
			name = Debug;
		};
		821DFE98229833960092CF7B /* Release */ = {
			isa = XCBuildConfiguration;
			baseConfigurationReference = 903CC74F507038C532E70282 /* Pods-TravelGoalsUITests.release.xcconfig */;
			buildSettings = {
				ALWAYS_EMBED_SWIFT_STANDARD_LIBRARIES = YES;
				CODE_SIGN_STYLE = Automatic;
				INFOPLIST_FILE = TravelGoalsUITests/Info.plist;
				LD_RUNPATH_SEARCH_PATHS = (
					"$(inherited)",
					"@executable_path/Frameworks",
					"@loader_path/Frameworks",
				);
				PRODUCT_BUNDLE_IDENTIFIER = Swinburne.TravelGoalsUITests;
				PRODUCT_NAME = "$(TARGET_NAME)";
				SWIFT_VERSION = 4.0;
				TARGETED_DEVICE_FAMILY = "1,2";
				TEST_TARGET_NAME = TravelGoals;
			};
			name = Release;
		};
/* End XCBuildConfiguration section */

/* Begin XCConfigurationList section */
		821DFE61229833950092CF7B /* Build configuration list for PBXProject "TravelGoals" */ = {
			isa = XCConfigurationList;
			buildConfigurations = (
				821DFE8E229833960092CF7B /* Debug */,
				821DFE8F229833960092CF7B /* Release */,
			);
			defaultConfigurationIsVisible = 0;
			defaultConfigurationName = Release;
		};
		821DFE90229833960092CF7B /* Build configuration list for PBXNativeTarget "TravelGoals" */ = {
			isa = XCConfigurationList;
			buildConfigurations = (
				821DFE91229833960092CF7B /* Debug */,
				821DFE92229833960092CF7B /* Release */,
			);
			defaultConfigurationIsVisible = 0;
			defaultConfigurationName = Release;
		};
		821DFE93229833960092CF7B /* Build configuration list for PBXNativeTarget "TravelGoalsTests" */ = {
			isa = XCConfigurationList;
			buildConfigurations = (
				821DFE94229833960092CF7B /* Debug */,
				821DFE95229833960092CF7B /* Release */,
			);
			defaultConfigurationIsVisible = 0;
			defaultConfigurationName = Release;
		};
		821DFE96229833960092CF7B /* Build configuration list for PBXNativeTarget "TravelGoalsUITests" */ = {
			isa = XCConfigurationList;
			buildConfigurations = (
				821DFE97229833960092CF7B /* Debug */,
				821DFE98229833960092CF7B /* Release */,
			);
			defaultConfigurationIsVisible = 0;
			defaultConfigurationName = Release;
		};
/* End XCConfigurationList section */
	};
	rootObject = 821DFE5E229833950092CF7B /* Project object */;
}
